
Microsoft Visual Studio Solution File, Format Version 12.00
# Visual Studio Version 17
VisualStudioVersion = 17.5.002.0
MinimumVisualStudioVersion = 10.0.40219.1
Project("{9A19103F-16F7-4668-BE54-9A1E7A4F7556}") = "webapp-example", "webapp-example.csproj", "{7F98CCEF-62CD-4745-BB4B-5F5493165905}"
EndProject
Global
	GlobalSection(SolutionConfigurationPlatforms) = preSolution
		Debug|Any CPU = Debug|Any CPU
		Release|Any CPU = Release|Any CPU
	EndGlobalSection
	GlobalSection(ProjectConfigurationPlatforms) = postSolution
		{7F98CCEF-62CD-4745-BB4B-5F5493165905}.Debug|Any CPU.ActiveCfg = Debug|Any CPU
		{7F98CCEF-62CD-4745-BB4B-5F5493165905}.Debug|Any CPU.Build.0 = Debug|Any CPU
		{7F98CCEF-62CD-4745-BB4B-5F5493165905}.Release|Any CPU.ActiveCfg = Release|Any CPU
		{7F98CCEF-62CD-4745-BB4B-5F5493165905}.Release|Any CPU.Build.0 = Release|Any CPU
	EndGlobalSection
	GlobalSection(SolutionProperties) = preSolution
		HideSolutionNode = FALSE
	EndGlobalSection
	GlobalSection(ExtensibilityGlobals) = postSolution
		SolutionGuid = {1E4B3686-A684-4C87-A3C7-66D0F0703839}
	EndGlobalSection
EndGlobal
